
Microsoft Visual Studio Solution File, Format Version 12.00
# Visual Studio Version 17
VisualStudioVersion = 17.0.31903.59
MinimumVisualStudioVersion = 10.0.40219.1
Project("{FAE04EC0-301F-11D3-BF4B-00C04F79EFBC}") = "takpoj-client", "takpoj-client\takpoj-client.csproj", "{76379880-9D19-49F3-B8EC-152836B926AD}"
EndProject
Global
	GlobalSection(SolutionConfigurationPlatforms) = preSolution
		Debug|Any CPU = Debug|Any CPU
		Release|Any CPU = Release|Any CPU
	EndGlobalSection
	GlobalSection(SolutionProperties) = preSolution
		HideSolutionNode = FALSE
	EndGlobalSection
	GlobalSection(ProjectConfigurationPlatforms) = postSolution
		{76379880-9D19-49F3-B8EC-152836B926AD}.Debug|Any CPU.ActiveCfg = Debug|Any CPU
		{76379880-9D19-49F3-B8EC-152836B926AD}.Debug|Any CPU.Build.0 = Debug|Any CPU
		{76379880-9D19-49F3-B8EC-152836B926AD}.Release|Any CPU.ActiveCfg = Release|Any CPU
		{76379880-9D19-49F3-B8EC-152836B926AD}.Release|Any CPU.Build.0 = Release|Any CPU
	EndGlobalSection
EndGlobal
